{
    "_readme": [
        "This file locks the dependencies of your project to a known state",
        "Read more about it at http://getcomposer.org/doc/01-basic-usage.md#composer-lock-the-lock-file",
        "This file is @generated automatically"
    ],
    "hash": "8ebcb941f5d47beb3fa0fa301330b219",
    "packages": [
        {
            "name": "kingsquare/php-mt940",
            "version": "0.10.0",
            "source": {
                "type": "git",
                "url": "https://github.com/fruitl00p/php-mt940.git",
                "reference": "0187b58ed39c2762e0856e8f8799af06f04f6b80"
            },
            "dist": {
                "type": "zip",
                "url": "https://api.github.com/repos/fruitl00p/php-mt940/zipball/0187b58ed39c2762e0856e8f8799af06f04f6b80",
                "reference": "0187b58ed39c2762e0856e8f8799af06f04f6b80",
                "shasum": ""
            },
            "require": {
                "php": ">=5.4"
            },
            "require-dev": {
                "phpunit/phpunit": "4.4.*"
            },
            "type": "library",
            "autoload": {
                "psr-4": {
                    "Kingsquare\\": "src/"
                }
            },
            "notification-url": "https://packagist.org/downloads/",
            "license": [
                "MIT"
            ],
            "authors": [
                {
                    "name": "Robin Speekenbrink",
                    "email": "robin@kingsquare.nl"
                }
            ],
            "description": "Simple MT940 parser in PHP",
            "homepage": "https://github.com/fruitl00p/php-mt940",
            "keywords": [
                "mt940",
                "parsing"
            ],
            "time": "2015-03-23 10:04:27"
        }
    ],
    "packages-dev": [],
    "aliases": [],
    "minimum-stability": "stable",
    "stability-flags": [],
    "prefer-stable": false,
    "prefer-lowest": false,
    "platform": {
        "php": ">=5.4"
    },
    "platform-dev": []
}
