{
    "_readme": [
        "This file locks the dependencies of your project to a known state",
        "Read more about it at https://getcomposer.org/doc/01-basic-usage.md#composer-lock-the-lock-file",
        "This file is @generated automatically"
    ],
    "hash": "a47f35fe562ee4af0a6b0aa3da2add05",
    "packages": [
        {
            "name": "kingsquare/php-mt940",
            "version": "1.1.0",
            "source": {
                "type": "git",
                "url": "https://github.com/fruitl00p/php-mt940.git",
                "reference": "23938664bfec51e48e60ab6f712c699a6cd75477"
            },
            "dist": {
                "type": "zip",
                "url": "https://api.github.com/repos/fruitl00p/php-mt940/zipball/23938664bfec51e48e60ab6f712c699a6cd75477",
                "reference": "23938664bfec51e48e60ab6f712c699a6cd75477",
                "shasum": ""
            },
            "require": {
                "php": ">=5.5"
            },
            "require-dev": {
                "codeclimate/php-test-reporter": "dev-master",
                "phpunit/phpunit": "4.4.*"
            },
            "type": "library",
            "autoload": {
                "psr-4": {
                    "Kingsquare\\": "src/"
                }
            },
            "notification-url": "https://packagist.org/downloads/",
            "license": [
                "MIT"
            ],
            "authors": [
                {
                    "name": "Robin Speekenbrink",
                    "email": "robin@kingsquare.nl"
                }
            ],
            "description": "Simple MT940 parser in PHP",
            "homepage": "https://github.com/fruitl00p/php-mt940",
            "keywords": [
                "mt940",
                "parsing"
            ],
            "time": "2015-09-16 18:32:42"
        }
    ],
    "packages-dev": [],
    "aliases": [],
    "minimum-stability": "stable",
    "stability-flags": [],
    "prefer-stable": false,
    "prefer-lowest": false,
    "platform": {
        "php": ">=5.4"
    },
    "platform-dev": []
}
